// !$*UTF8*$!
{
	archiveVersion = 1;
	classes = {
	};
	objectVersion = 46;
	objects = {

/* Begin PBXBuildFile section */
		132EB82A1E53E9D100592885 /* HitButton.m in Sources */ = {isa = PBXBuildFile; fileRef = 132EB8291E53E9D100592885 /* HitButton.m */; };
		1346084D1E4F6C0400666329 /* MapView.m in Sources */ = {isa = PBXBuildFile; fileRef = 1346084C1E4F6C0400666329 /* MapView.m */; };
		134608501E4F718800666329 /* MyNav.m in Sources */ = {isa = PBXBuildFile; fileRef = 1346084F1E4F718800666329 /* MyNav.m */; };
		134608531E4FFC7F00666329 /* LHKButton.m in Sources */ = {isa = PBXBuildFile; fileRef = 134608521E4FFC7F00666329 /* LHKButton.m */; };
		134608561E503C3E00666329 /* CAShapView.m in Sources */ = {isa = PBXBuildFile; fileRef = 134608551E503C3E00666329 /* CAShapView.m */; };
		1382F1021E4EF3F300A3702C /* HitViewController.m in Sources */ = {isa = PBXBuildFile; fileRef = 1382F1001E4EF3F300A3702C /* HitViewController.m */; };
		1382F1031E4EF3F300A3702C /* HitViewController.xib in Resources */ = {isa = PBXBuildFile; fileRef = 1382F1011E4EF3F300A3702C /* HitViewController.xib */; };
		1382F1061E4EF6DF00A3702C /* BaseView.m in Sources */ = {isa = PBXBuildFile; fileRef = 1382F1051E4EF6DF00A3702C /* BaseView.m */; };
		1382F1091E4EF6F500A3702C /* GreenView.m in Sources */ = {isa = PBXBuildFile; fileRef = 1382F1081E4EF6F500A3702C /* GreenView.m */; };
		1382F10C1E4EF70A00A3702C /* RedView.m in Sources */ = {isa = PBXBuildFile; fileRef = 1382F10B1E4EF70A00A3702C /* RedView.m */; };
		1382F10F1E4EF71900A3702C /* BlueView.m in Sources */ = {isa = PBXBuildFile; fileRef = 1382F10E1E4EF71900A3702C /* BlueView.m */; };
		1382F1121E4F023400A3702C /* BlackView.m in Sources */ = {isa = PBXBuildFile; fileRef = 1382F1111E4F023400A3702C /* BlackView.m */; };
		1382F1171E4F1BDE00A3702C /* AnViewController.m in Sources */ = {isa = PBXBuildFile; fileRef = 1382F1151E4F1BDE00A3702C /* AnViewController.m */; };
		1382F1181E4F1BDE00A3702C /* AnViewController.xib in Resources */ = {isa = PBXBuildFile; fileRef = 1382F1161E4F1BDE00A3702C /* AnViewController.xib */; };
		1382F11D1E4F68DA00A3702C /* Q2DViewController.m in Sources */ = {isa = PBXBuildFile; fileRef = 1382F11B1E4F68DA00A3702C /* Q2DViewController.m */; };
		1382F11E1E4F68DA00A3702C /* Q2DViewController.xib in Resources */ = {isa = PBXBuildFile; fileRef = 1382F11C1E4F68DA00A3702C /* Q2DViewController.xib */; };
		13B0C3D91E5A073A00FE88A8 /* ModelVc.m in Sources */ = {isa = PBXBuildFile; fileRef = 13B0C3D71E5A073A00FE88A8 /* ModelVc.m */; };
		13B0C3DA1E5A073A00FE88A8 /* ModelVc.xib in Resources */ = {isa = PBXBuildFile; fileRef = 13B0C3D81E5A073A00FE88A8 /* ModelVc.xib */; };
		13B0C3DD1E5A07C600FE88A8 /* ModelAn.m in Sources */ = {isa = PBXBuildFile; fileRef = 13B0C3DC1E5A07C600FE88A8 /* ModelAn.m */; };
		13C50E071E5B281C00C50925 /* ThreeView.m in Sources */ = {isa = PBXBuildFile; fileRef = 13C50E061E5B281C00C50925 /* ThreeView.m */; };
		13D10C0B1E4EB2D700C65D97 /* main.m in Sources */ = {isa = PBXBuildFile; fileRef = 13D10C0A1E4EB2D700C65D97 /* main.m */; };
		13D10C0E1E4EB2D700C65D97 /* AppDelegate.m in Sources */ = {isa = PBXBuildFile; fileRef = 13D10C0D1E4EB2D700C65D97 /* AppDelegate.m */; };
		13D10C111E4EB2D700C65D97 /* ViewController.m in Sources */ = {isa = PBXBuildFile; fileRef = 13D10C101E4EB2D700C65D97 /* ViewController.m */; };
		13D10C141E4EB2D700C65D97 /* Main.storyboard in Resources */ = {isa = PBXBuildFile; fileRef = 13D10C121E4EB2D700C65D97 /* Main.storyboard */; };
		13D10C161E4EB2D700C65D97 /* Assets.xcassets in Resources */ = {isa = PBXBuildFile; fileRef = 13D10C151E4EB2D700C65D97 /* Assets.xcassets */; };
		13D10C191E4EB2D700C65D97 /* LaunchScreen.storyboard in Resources */ = {isa = PBXBuildFile; fileRef = 13D10C171E4EB2D700C65D97 /* LaunchScreen.storyboard */; };
		13D10C241E4EB2D700C65D97 /* UITouch_______Tests.m in Sources */ = {isa = PBXBuildFile; fileRef = 13D10C231E4EB2D700C65D97 /* UITouch_______Tests.m */; };
		13D10C2F1E4EB2D700C65D97 /* UITouch_______UITests.m in Sources */ = {isa = PBXBuildFile; fileRef = 13D10C2E1E4EB2D700C65D97 /* UITouch_______UITests.m */; };
		13D10C3F1E4EB32400C65D97 /* SecondVc.m in Sources */ = {isa = PBXBuildFile; fileRef = 13D10C3D1E4EB32400C65D97 /* SecondVc.m */; };
		13D10C401E4EB32400C65D97 /* SecondVc.xib in Resources */ = {isa = PBXBuildFile; fileRef = 13D10C3E1E4EB32400C65D97 /* SecondVc.xib */; };
		13D10C441E4EB33D00C65D97 /* ThreeVc.m in Sources */ = {isa = PBXBuildFile; fileRef = 13D10C421E4EB33D00C65D97 /* ThreeVc.m */; };
		13D10C451E4EB33D00C65D97 /* ThreeVc.xib in Resources */ = {isa = PBXBuildFile; fileRef = 13D10C431E4EB33D00C65D97 /* ThreeVc.xib */; };
		13DA667D1E51FA8900CADFF6 /* TestViewController.m in Sources */ = {isa = PBXBuildFile; fileRef = 13DA667B1E51FA8900CADFF6 /* TestViewController.m */; };
		13DA667E1E51FA8900CADFF6 /* TestViewController.xib in Resources */ = {isa = PBXBuildFile; fileRef = 13DA667C1E51FA8900CADFF6 /* TestViewController.xib */; };
		13DA669A1E51FCF300CADFF6 /* Info.plist in Resources */ = {isa = PBXBuildFile; fileRef = 13DA66801E51FCF300CADFF6 /* Info.plist */; };
		13DA669B1E51FCF300CADFF6 /* MASCompositeConstraint.m in Sources */ = {isa = PBXBuildFile; fileRef = 13DA66821E51FCF300CADFF6 /* MASCompositeConstraint.m */; };
		13DA669C1E51FCF300CADFF6 /* MASConstraint.m in Sources */ = {isa = PBXBuildFile; fileRef = 13DA66851E51FCF300CADFF6 /* MASConstraint.m */; };
		13DA669D1E51FCF300CADFF6 /* MASConstraintMaker.m in Sources */ = {isa = PBXBuildFile; fileRef = 13DA66871E51FCF300CADFF6 /* MASConstraintMaker.m */; };
		13DA669E1E51FCF300CADFF6 /* MASLayoutConstraint.m in Sources */ = {isa = PBXBuildFile; fileRef = 13DA66891E51FCF300CADFF6 /* MASLayoutConstraint.m */; };
		13DA669F1E51FCF300CADFF6 /* MASViewAttribute.m in Sources */ = {isa = PBXBuildFile; fileRef = 13DA668D1E51FCF300CADFF6 /* MASViewAttribute.m */; };
		13DA66A01E51FCF300CADFF6 /* MASViewConstraint.m in Sources */ = {isa = PBXBuildFile; fileRef = 13DA668F1E51FCF300CADFF6 /* MASViewConstraint.m */; };
		13DA66A11E51FCF300CADFF6 /* NSArray+MASAdditions.m in Sources */ = {isa = PBXBuildFile; fileRef = 13DA66911E51FCF300CADFF6 /* NSArray+MASAdditions.m */; };
		13DA66A21E51FCF300CADFF6 /* NSLayoutConstraint+MASDebugAdditions.m in Sources */ = {isa = PBXBuildFile; fileRef = 13DA66941E51FCF300CADFF6 /* NSLayoutConstraint+MASDebugAdditions.m */; };
		13DA66A31E51FCF300CADFF6 /* View+MASAdditions.m in Sources */ = {isa = PBXBuildFile; fileRef = 13DA66961E51FCF300CADFF6 /* View+MASAdditions.m */; };
		13DA66A41E51FCF300CADFF6 /* ViewController+MASAdditions.m in Sources */ = {isa = PBXBuildFile; fileRef = 13DA66991E51FCF300CADFF6 /* ViewController+MASAdditions.m */; };
		13DA66A81E52080100CADFF6 /* TableViewController.m in Sources */ = {isa = PBXBuildFile; fileRef = 13DA66A61E52080100CADFF6 /* TableViewController.m */; };
		13DA66AB1E5208F700CADFF6 /* TableStory.storyboard in Resources */ = {isa = PBXBuildFile; fileRef = 13DA66AA1E5208F700CADFF6 /* TableStory.storyboard */; };
		13FA897B1E530B34000FAFA3 /* NSString+MD5.m in Sources */ = {isa = PBXBuildFile; fileRef = 13FA897A1E530B34000FAFA3 /* NSString+MD5.m */; };
/* End PBXBuildFile section */

/* Begin PBXContainerItemProxy section */
		13D10C201E4EB2D700C65D97 /* PBXContainerItemProxy */ = {
			isa = PBXContainerItemProxy;
			containerPortal = 13D10BFE1E4EB2D700C65D97 /* Project object */;
			proxyType = 1;
			remoteGlobalIDString = 13D10C051E4EB2D700C65D97;
			remoteInfo = "UITouch关于手指的移动";
		};
		13D10C2B1E4EB2D700C65D97 /* PBXContainerItemProxy */ = {
			isa = PBXContainerItemProxy;
			containerPortal = 13D10BFE1E4EB2D700C65D97 /* Project object */;
			proxyType = 1;
			remoteGlobalIDString = 13D10C051E4EB2D700C65D97;
			remoteInfo = "UITouch关于手指的移动";
		};
/* End PBXContainerItemProxy section */

/* Begin PBXFileReference section */
		132EB8281E53E9D100592885 /* HitButton.h */ = {isa = PBXFileReference; fileEncoding = 4; lastKnownFileType = sourcecode.c.h; path = HitButton.h; sourceTree = "<group>"; };
		132EB8291E53E9D100592885 /* HitButton.m */ = {isa = PBXFileReference; fileEncoding = 4; lastKnownFileType = sourcecode.c.objc; path = HitButton.m; sourceTree = "<group>"; };
		1346084B1E4F6C0400666329 /* MapView.h */ = {isa = PBXFileReference; fileEncoding = 4; lastKnownFileType = sourcecode.c.h; path = MapView.h; sourceTree = "<group>"; };
		1346084C1E4F6C0400666329 /* MapView.m */ = {isa = PBXFileReference; fileEncoding = 4; lastKnownFileType = sourcecode.c.objc; path = MapView.m; sourceTree = "<group>"; };
		1346084E1E4F718800666329 /* MyNav.h */ = {isa = PBXFileReference; fileEncoding = 4; lastKnownFileType = sourcecode.c.h; path = MyNav.h; sourceTree = "<group>"; };
		1346084F1E4F718800666329 /* MyNav.m */ = {isa = PBXFileReference; fileEncoding = 4; lastKnownFileType = sourcecode.c.objc; path = MyNav.m; sourceTree = "<group>"; };
		134608511E4FFC7F00666329 /* LHKButton.h */ = {isa = PBXFileReference; fileEncoding = 4; lastKnownFileType = sourcecode.c.h; path = LHKButton.h; sourceTree = "<group>"; };
		134608521E4FFC7F00666329 /* LHKButton.m */ = {isa = PBXFileReference; fileEncoding = 4; lastKnownFileType = sourcecode.c.objc; path = LHKButton.m; sourceTree = "<group>"; };
		134608541E503C3E00666329 /* CAShapView.h */ = {isa = PBXFileReference; fileEncoding = 4; lastKnownFileType = sourcecode.c.h; path = CAShapView.h; sourceTree = "<group>"; };
		134608551E503C3E00666329 /* CAShapView.m */ = {isa = PBXFileReference; fileEncoding = 4; lastKnownFileType = sourcecode.c.objc; path = CAShapView.m; sourceTree = "<group>"; };
		1382F0FF1E4EF3F300A3702C /* HitViewController.h */ = {isa = PBXFileReference; fileEncoding = 4; lastKnownFileType = sourcecode.c.h; path = HitViewController.h; sourceTree = "<group>"; };
		1382F1001E4EF3F300A3702C /* HitViewController.m */ = {isa = PBXFileReference; fileEncoding = 4; lastKnownFileType = sourcecode.c.objc; path = HitViewController.m; sourceTree = "<group>"; };
		1382F1011E4EF3F300A3702C /* HitViewController.xib */ = {isa = PBXFileReference; fileEncoding = 4; lastKnownFileType = file.xib; path = HitViewController.xib; sourceTree = "<group>"; };
		1382F1041E4EF6DF00A3702C /* BaseView.h */ = {isa = PBXFileReference; fileEncoding = 4; lastKnownFileType = sourcecode.c.h; path = BaseView.h; sourceTree = "<group>"; };
		1382F1051E4EF6DF00A3702C /* BaseView.m */ = {isa = PBXFileReference; fileEncoding = 4; lastKnownFileType = sourcecode.c.objc; path = BaseView.m; sourceTree = "<group>"; };
		1382F1071E4EF6F500A3702C /* GreenView.h */ = {isa = PBXFileReference; fileEncoding = 4; lastKnownFileType = sourcecode.c.h; path = GreenView.h; sourceTree = "<group>"; };
		1382F1081E4EF6F500A3702C /* GreenView.m */ = {isa = PBXFileReference; fileEncoding = 4; lastKnownFileType = sourcecode.c.objc; path = GreenView.m; sourceTree = "<group>"; };
		1382F10A1E4EF70A00A3702C /* RedView.h */ = {isa = PBXFileReference; fileEncoding = 4; lastKnownFileType = sourcecode.c.h; path = RedView.h; sourceTree = "<group>"; };
		1382F10B1E4EF70A00A3702C /* RedView.m */ = {isa = PBXFileReference; fileEncoding = 4; lastKnownFileType = sourcecode.c.objc; path = RedView.m; sourceTree = "<group>"; };
		1382F10D1E4EF71900A3702C /* BlueView.h */ = {isa = PBXFileReference; fileEncoding = 4; lastKnownFileType = sourcecode.c.h; path = BlueView.h; sourceTree = "<group>"; };
		1382F10E1E4EF71900A3702C /* BlueView.m */ = {isa = PBXFileReference; fileEncoding = 4; lastKnownFileType = sourcecode.c.objc; path = BlueView.m; sourceTree = "<group>"; };
		1382F1101E4F023400A3702C /* BlackView.h */ = {isa = PBXFileReference; fileEncoding = 4; lastKnownFileType = sourcecode.c.h; path = BlackView.h; sourceTree = "<group>"; };
		1382F1111E4F023400A3702C /* BlackView.m */ = {isa = PBXFileReference; fileEncoding = 4; lastKnownFileType = sourcecode.c.objc; path = BlackView.m; sourceTree = "<group>"; };
		1382F1141E4F1BDE00A3702C /* AnViewController.h */ = {isa = PBXFileReference; fileEncoding = 4; lastKnownFileType = sourcecode.c.h; path = AnViewController.h; sourceTree = "<group>"; };
		1382F1151E4F1BDE00A3702C /* AnViewController.m */ = {isa = PBXFileReference; fileEncoding = 4; lastKnownFileType = sourcecode.c.objc; path = AnViewController.m; sourceTree = "<group>"; };
		1382F1161E4F1BDE00A3702C /* AnViewController.xib */ = {isa = PBXFileReference; fileEncoding = 4; lastKnownFileType = file.xib; path = AnViewController.xib; sourceTree = "<group>"; };
		1382F11A1E4F68DA00A3702C /* Q2DViewController.h */ = {isa = PBXFileReference; fileEncoding = 4; lastKnownFileType = sourcecode.c.h; path = Q2DViewController.h; sourceTree = "<group>"; };
		1382F11B1E4F68DA00A3702C /* Q2DViewController.m */ = {isa = PBXFileReference; fileEncoding = 4; lastKnownFileType = sourcecode.c.objc; path = Q2DViewController.m; sourceTree = "<group>"; };
		1382F11C1E4F68DA00A3702C /* Q2DViewController.xib */ = {isa = PBXFileReference; fileEncoding = 4; lastKnownFileType = file.xib; path = Q2DViewController.xib; sourceTree = "<group>"; };
		13B0C3D61E5A073A00FE88A8 /* ModelVc.h */ = {isa = PBXFileReference; fileEncoding = 4; lastKnownFileType = sourcecode.c.h; path = ModelVc.h; sourceTree = "<group>"; };
		13B0C3D71E5A073A00FE88A8 /* ModelVc.m */ = {isa = PBXFileReference; fileEncoding = 4; lastKnownFileType = sourcecode.c.objc; path = ModelVc.m; sourceTree = "<group>"; };
		13B0C3D81E5A073A00FE88A8 /* ModelVc.xib */ = {isa = PBXFileReference; fileEncoding = 4; lastKnownFileType = file.xib; path = ModelVc.xib; sourceTree = "<group>"; };
		13B0C3DB1E5A07C600FE88A8 /* ModelAn.h */ = {isa = PBXFileReference; fileEncoding = 4; lastKnownFileType = sourcecode.c.h; path = ModelAn.h; sourceTree = "<group>"; };
		13B0C3DC1E5A07C600FE88A8 /* ModelAn.m */ = {isa = PBXFileReference; fileEncoding = 4; lastKnownFileType = sourcecode.c.objc; path = ModelAn.m; sourceTree = "<group>"; };
		13C50E051E5B281C00C50925 /* ThreeView.h */ = {isa = PBXFileReference; fileEncoding = 4; lastKnownFileType = sourcecode.c.h; path = ThreeView.h; sourceTree = "<group>"; };
		13C50E061E5B281C00C50925 /* ThreeView.m */ = {isa = PBXFileReference; fileEncoding = 4; lastKnownFileType = sourcecode.c.objc; path = ThreeView.m; sourceTree = "<group>"; };
		13D10C061E4EB2D700C65D97 /* UITouch关于手指的移动.app */ = {isa = PBXFileReference; explicitFileType = wrapper.application; includeInIndex = 0; path = "UITouch关于手指的移动.app"; sourceTree = BUILT_PRODUCTS_DIR; };
		13D10C0A1E4EB2D700C65D97 /* main.m */ = {isa = PBXFileReference; lastKnownFileType = sourcecode.c.objc; path = main.m; sourceTree = "<group>"; };
		13D10C0C1E4EB2D700C65D97 /* AppDelegate.h */ = {isa = PBXFileReference; lastKnownFileType = sourcecode.c.h; path = AppDelegate.h; sourceTree = "<group>"; };
		13D10C0D1E4EB2D700C65D97 /* AppDelegate.m */ = {isa = PBXFileReference; lastKnownFileType = sourcecode.c.objc; path = AppDelegate.m; sourceTree = "<group>"; };
		13D10C0F1E4EB2D700C65D97 /* ViewController.h */ = {isa = PBXFileReference; lastKnownFileType = sourcecode.c.h; path = ViewController.h; sourceTree = "<group>"; };
		13D10C101E4EB2D700C65D97 /* ViewController.m */ = {isa = PBXFileReference; lastKnownFileType = sourcecode.c.objc; path = ViewController.m; sourceTree = "<group>"; };
		13D10C131E4EB2D700C65D97 /* Base */ = {isa = PBXFileReference; lastKnownFileType = file.storyboard; name = Base; path = Base.lproj/Main.storyboard; sourceTree = "<group>"; };
		13D10C151E4EB2D700C65D97 /* Assets.xcassets */ = {isa = PBXFileReference; lastKnownFileType = folder.assetcatalog; path = Assets.xcassets; sourceTree = "<group>"; };
		13D10C181E4EB2D700C65D97 /* Base */ = {isa = PBXFileReference; lastKnownFileType = file.storyboard; name = Base; path = Base.lproj/LaunchScreen.storyboard; sourceTree = "<group>"; };
		13D10C1A1E4EB2D700C65D97 /* Info.plist */ = {isa = PBXFileReference; lastKnownFileType = text.plist.xml; path = Info.plist; sourceTree = "<group>"; };
		13D10C1F1E4EB2D700C65D97 /* UITouch关于手指的移动Tests.xctest */ = {isa = PBXFileReference; explicitFileType = wrapper.cfbundle; includeInIndex = 0; path = "UITouch关于手指的移动Tests.xctest"; sourceTree = BUILT_PRODUCTS_DIR; };
		13D10C231E4EB2D700C65D97 /* UITouch_______Tests.m */ = {isa = PBXFileReference; lastKnownFileType = sourcecode.c.objc; path = "UITouch_______Tests.m"; sourceTree = "<group>"; };
		13D10C251E4EB2D700C65D97 /* Info.plist */ = {isa = PBXFileReference; lastKnownFileType = text.plist.xml; path = Info.plist; sourceTree = "<group>"; };
		13D10C2A1E4EB2D700C65D97 /* UITouch关于手指的移动UITests.xctest */ = {isa = PBXFileReference; explicitFileType = wrapper.cfbundle; includeInIndex = 0; path = "UITouch关于手指的移动UITests.xctest"; sourceTree = BUILT_PRODUCTS_DIR; };
		13D10C2E1E4EB2D700C65D97 /* UITouch_______UITests.m */ = {isa = PBXFileReference; lastKnownFileType = sourcecode.c.objc; path = "UITouch_______UITests.m"; sourceTree = "<group>"; };
		13D10C301E4EB2D700C65D97 /* Info.plist */ = {isa = PBXFileReference; lastKnownFileType = text.plist.xml; path = Info.plist; sourceTree = "<group>"; };
		13D10C3C1E4EB32400C65D97 /* SecondVc.h */ = {isa = PBXFileReference; fileEncoding = 4; lastKnownFileType = sourcecode.c.h; path = SecondVc.h; sourceTree = "<group>"; };
		13D10C3D1E4EB32400C65D97 /* SecondVc.m */ = {isa = PBXFileReference; fileEncoding = 4; lastKnownFileType = sourcecode.c.objc; path = SecondVc.m; sourceTree = "<group>"; };
		13D10C3E1E4EB32400C65D97 /* SecondVc.xib */ = {isa = PBXFileReference; fileEncoding = 4; lastKnownFileType = file.xib; path = SecondVc.xib; sourceTree = "<group>"; };
		13D10C411E4EB33D00C65D97 /* ThreeVc.h */ = {isa = PBXFileReference; fileEncoding = 4; lastKnownFileType = sourcecode.c.h; path = ThreeVc.h; sourceTree = "<group>"; };
		13D10C421E4EB33D00C65D97 /* ThreeVc.m */ = {isa = PBXFileReference; fileEncoding = 4; lastKnownFileType = sourcecode.c.objc; path = ThreeVc.m; sourceTree = "<group>"; };
		13D10C431E4EB33D00C65D97 /* ThreeVc.xib */ = {isa = PBXFileReference; fileEncoding = 4; lastKnownFileType = file.xib; path = ThreeVc.xib; sourceTree = "<group>"; };
		13DA667A1E51FA8900CADFF6 /* TestViewController.h */ = {isa = PBXFileReference; fileEncoding = 4; lastKnownFileType = sourcecode.c.h; path = TestViewController.h; sourceTree = "<group>"; };
		13DA667B1E51FA8900CADFF6 /* TestViewController.m */ = {isa = PBXFileReference; fileEncoding = 4; lastKnownFileType = sourcecode.c.objc; path = TestViewController.m; sourceTree = "<group>"; };
		13DA667C1E51FA8900CADFF6 /* TestViewController.xib */ = {isa = PBXFileReference; fileEncoding = 4; lastKnownFileType = file.xib; path = TestViewController.xib; sourceTree = "<group>"; };
		13DA66801E51FCF300CADFF6 /* Info.plist */ = {isa = PBXFileReference; fileEncoding = 4; lastKnownFileType = text.plist.xml; path = Info.plist; sourceTree = "<group>"; };
		13DA66811E51FCF300CADFF6 /* MASCompositeConstraint.h */ = {isa = PBXFileReference; fileEncoding = 4; lastKnownFileType = sourcecode.c.h; path = MASCompositeConstraint.h; sourceTree = "<group>"; };
		13DA66821E51FCF300CADFF6 /* MASCompositeConstraint.m */ = {isa = PBXFileReference; fileEncoding = 4; lastKnownFileType = sourcecode.c.objc; path = MASCompositeConstraint.m; sourceTree = "<group>"; };
		13DA66831E51FCF300CADFF6 /* MASConstraint+Private.h */ = {isa = PBXFileReference; fileEncoding = 4; lastKnownFileType = sourcecode.c.h; path = "MASConstraint+Private.h"; sourceTree = "<group>"; };
		13DA66841E51FCF300CADFF6 /* MASConstraint.h */ = {isa = PBXFileReference; fileEncoding = 4; lastKnownFileType = sourcecode.c.h; path = MASConstraint.h; sourceTree = "<group>"; };
		13DA66851E51FCF300CADFF6 /* MASConstraint.m */ = {isa = PBXFileReference; fileEncoding = 4; lastKnownFileType = sourcecode.c.objc; path = MASConstraint.m; sourceTree = "<group>"; };
		13DA66861E51FCF300CADFF6 /* MASConstraintMaker.h */ = {isa = PBXFileReference; fileEncoding = 4; lastKnownFileType = sourcecode.c.h; path = MASConstraintMaker.h; sourceTree = "<group>"; };
		13DA66871E51FCF300CADFF6 /* MASConstraintMaker.m */ = {isa = PBXFileReference; fileEncoding = 4; lastKnownFileType = sourcecode.c.objc; path = MASConstraintMaker.m; sourceTree = "<group>"; };
		13DA66881E51FCF300CADFF6 /* MASLayoutConstraint.h */ = {isa = PBXFileReference; fileEncoding = 4; lastKnownFileType = sourcecode.c.h; path = MASLayoutConstraint.h; sourceTree = "<group>"; };
		13DA66891E51FCF300CADFF6 /* MASLayoutConstraint.m */ = {isa = PBXFileReference; fileEncoding = 4; lastKnownFileType = sourcecode.c.objc; path = MASLayoutConstraint.m; sourceTree = "<group>"; };
		13DA668A1E51FCF300CADFF6 /* Masonry.h */ = {isa = PBXFileReference; fileEncoding = 4; lastKnownFileType = sourcecode.c.h; path = Masonry.h; sourceTree = "<group>"; };
		13DA668B1E51FCF300CADFF6 /* MASUtilities.h */ = {isa = PBXFileReference; fileEncoding = 4; lastKnownFileType = sourcecode.c.h; path = MASUtilities.h; sourceTree = "<group>"; };
		13DA668C1E51FCF300CADFF6 /* MASViewAttribute.h */ = {isa = PBXFileReference; fileEncoding = 4; lastKnownFileType = sourcecode.c.h; path = MASViewAttribute.h; sourceTree = "<group>"; };
		13DA668D1E51FCF300CADFF6 /* MASViewAttribute.m */ = {isa = PBXFileReference; fileEncoding = 4; lastKnownFileType = sourcecode.c.objc; path = MASViewAttribute.m; sourceTree = "<group>"; };
		13DA668E1E51FCF300CADFF6 /* MASViewConstraint.h */ = {isa = PBXFileReference; fileEncoding = 4; lastKnownFileType = sourcecode.c.h; path = MASViewConstraint.h; sourceTree = "<group>"; };
		13DA668F1E51FCF300CADFF6 /* MASViewConstraint.m */ = {isa = PBXFileReference; fileEncoding = 4; lastKnownFileType = sourcecode.c.objc; path = MASViewConstraint.m; sourceTree = "<group>"; };
		13DA66901E51FCF300CADFF6 /* NSArray+MASAdditions.h */ = {isa = PBXFileReference; fileEncoding = 4; lastKnownFileType = sourcecode.c.h; path = "NSArray+MASAdditions.h"; sourceTree = "<group>"; };
		13DA66911E51FCF300CADFF6 /* NSArray+MASAdditions.m */ = {isa = PBXFileReference; fileEncoding = 4; lastKnownFileType = sourcecode.c.objc; path = "NSArray+MASAdditions.m"; sourceTree = "<group>"; };
		13DA66921E51FCF300CADFF6 /* NSArray+MASShorthandAdditions.h */ = {isa = PBXFileReference; fileEncoding = 4; lastKnownFileType = sourcecode.c.h; path = "NSArray+MASShorthandAdditions.h"; sourceTree = "<group>"; };
		13DA66931E51FCF300CADFF6 /* NSLayoutConstraint+MASDebugAdditions.h */ = {isa = PBXFileReference; fileEncoding = 4; lastKnownFileType = sourcecode.c.h; path = "NSLayoutConstraint+MASDebugAdditions.h"; sourceTree = "<group>"; };
		13DA66941E51FCF300CADFF6 /* NSLayoutConstraint+MASDebugAdditions.m */ = {isa = PBXFileReference; fileEncoding = 4; lastKnownFileType = sourcecode.c.objc; path = "NSLayoutConstraint+MASDebugAdditions.m"; sourceTree = "<group>"; };
		13DA66951E51FCF300CADFF6 /* View+MASAdditions.h */ = {isa = PBXFileReference; fileEncoding = 4; lastKnownFileType = sourcecode.c.h; path = "View+MASAdditions.h"; sourceTree = "<group>"; };
		13DA66961E51FCF300CADFF6 /* View+MASAdditions.m */ = {isa = PBXFileReference; fileEncoding = 4; lastKnownFileType = sourcecode.c.objc; path = "View+MASAdditions.m"; sourceTree = "<group>"; };
		13DA66971E51FCF300CADFF6 /* View+MASShorthandAdditions.h */ = {isa = PBXFileReference; fileEncoding = 4; lastKnownFileType = sourcecode.c.h; path = "View+MASShorthandAdditions.h"; sourceTree = "<group>"; };
		13DA66981E51FCF300CADFF6 /* ViewController+MASAdditions.h */ = {isa = PBXFileReference; fileEncoding = 4; lastKnownFileType = sourcecode.c.h; path = "ViewController+MASAdditions.h"; sourceTree = "<group>"; };
		13DA66991E51FCF300CADFF6 /* ViewController+MASAdditions.m */ = {isa = PBXFileReference; fileEncoding = 4; lastKnownFileType = sourcecode.c.objc; path = "ViewController+MASAdditions.m"; sourceTree = "<group>"; };
		13DA66A51E52080100CADFF6 /* TableViewController.h */ = {isa = PBXFileReference; fileEncoding = 4; lastKnownFileType = sourcecode.c.h; path = TableViewController.h; sourceTree = "<group>"; };
		13DA66A61E52080100CADFF6 /* TableViewController.m */ = {isa = PBXFileReference; fileEncoding = 4; lastKnownFileType = sourcecode.c.objc; path = TableViewController.m; sourceTree = "<group>"; };
		13DA66AA1E5208F700CADFF6 /* TableStory.storyboard */ = {isa = PBXFileReference; fileEncoding = 4; lastKnownFileType = file.storyboard; name = TableStory.storyboard; path = ../TableStory.storyboard; sourceTree = "<group>"; };
		13FA89791E530B34000FAFA3 /* NSString+MD5.h */ = {isa = PBXFileReference; fileEncoding = 4; lastKnownFileType = sourcecode.c.h; path = "NSString+MD5.h"; sourceTree = "<group>"; };
		13FA897A1E530B34000FAFA3 /* NSString+MD5.m */ = {isa = PBXFileReference; fileEncoding = 4; lastKnownFileType = sourcecode.c.objc; path = "NSString+MD5.m"; sourceTree = "<group>"; };
/* End PBXFileReference section */

/* Begin PBXFrameworksBuildPhase section */
		13D10C031E4EB2D700C65D97 /* Frameworks */ = {
			isa = PBXFrameworksBuildPhase;
			buildActionMask = 2147483647;
			files = (
			);
			runOnlyForDeploymentPostprocessing = 0;
		};
		13D10C1C1E4EB2D700C65D97 /* Frameworks */ = {
			isa = PBXFrameworksBuildPhase;
			buildActionMask = 2147483647;
			files = (
			);
			runOnlyForDeploymentPostprocessing = 0;
		};
		13D10C271E4EB2D700C65D97 /* Frameworks */ = {
			isa = PBXFrameworksBuildPhase;
			buildActionMask = 2147483647;
			files = (
			);
			runOnlyForDeploymentPostprocessing = 0;
		};
/* End PBXFrameworksBuildPhase section */

/* Begin PBXGroup section */
		1382F0FE1E4EF32500A3702C /* 响应者时间传递 */ = {
			isa = PBXGroup;
			children = (
				1382F0FF1E4EF3F300A3702C /* HitViewController.h */,
				1382F1001E4EF3F300A3702C /* HitViewController.m */,
				1382F1011E4EF3F300A3702C /* HitViewController.xib */,
				1382F1041E4EF6DF00A3702C /* BaseView.h */,
				1382F1051E4EF6DF00A3702C /* BaseView.m */,
				1382F1071E4EF6F500A3702C /* GreenView.h */,
				1382F1081E4EF6F500A3702C /* GreenView.m */,
				1382F10A1E4EF70A00A3702C /* RedView.h */,
				1382F10B1E4EF70A00A3702C /* RedView.m */,
				1382F10D1E4EF71900A3702C /* BlueView.h */,
				1382F10E1E4EF71900A3702C /* BlueView.m */,
				1382F1101E4F023400A3702C /* BlackView.h */,
				1382F1111E4F023400A3702C /* BlackView.m */,
			);
			path = "响应者时间传递";
			sourceTree = "<group>";
		};
		1382F1131E4F1BA600A3702C /* 动画vC */ = {
			isa = PBXGroup;
			children = (
				1382F1141E4F1BDE00A3702C /* AnViewController.h */,
				1382F1151E4F1BDE00A3702C /* AnViewController.m */,
				1382F1161E4F1BDE00A3702C /* AnViewController.xib */,
				13B0C3D61E5A073A00FE88A8 /* ModelVc.h */,
				13B0C3D71E5A073A00FE88A8 /* ModelVc.m */,
				13B0C3D81E5A073A00FE88A8 /* ModelVc.xib */,
				13B0C3DB1E5A07C600FE88A8 /* ModelAn.h */,
				13B0C3DC1E5A07C600FE88A8 /* ModelAn.m */,
			);
			path = "动画vC";
			sourceTree = "<group>";
		};
		1382F1191E4F689C00A3702C /* qu2D */ = {
			isa = PBXGroup;
			children = (
				1382F11A1E4F68DA00A3702C /* Q2DViewController.h */,
				1382F11B1E4F68DA00A3702C /* Q2DViewController.m */,
				1382F11C1E4F68DA00A3702C /* Q2DViewController.xib */,
				1346084B1E4F6C0400666329 /* MapView.h */,
				1346084C1E4F6C0400666329 /* MapView.m */,
				134608511E4FFC7F00666329 /* LHKButton.h */,
				134608521E4FFC7F00666329 /* LHKButton.m */,
				134608541E503C3E00666329 /* CAShapView.h */,
				134608551E503C3E00666329 /* CAShapView.m */,
				13DA667A1E51FA8900CADFF6 /* TestViewController.h */,
				13DA667B1E51FA8900CADFF6 /* TestViewController.m */,
				13DA667C1E51FA8900CADFF6 /* TestViewController.xib */,
				13DA66A51E52080100CADFF6 /* TableViewController.h */,
				13DA66A61E52080100CADFF6 /* TableViewController.m */,
				13DA66AA1E5208F700CADFF6 /* TableStory.storyboard */,
			);
			path = qu2D;
			sourceTree = "<group>";
		};
		13BEBCBA1E5FD38F00BA6998 /* jiami */ = {
			isa = PBXGroup;
			children = (
			);
			path = jiami;
			sourceTree = "<group>";
		};
		13D10BFD1E4EB2D700C65D97 = {
			isa = PBXGroup;
			children = (
				13BEBCBA1E5FD38F00BA6998 /* jiami */,
				132EB8281E53E9D100592885 /* HitButton.h */,
				132EB8291E53E9D100592885 /* HitButton.m */,
				13FA89791E530B34000FAFA3 /* NSString+MD5.h */,
				13FA897A1E530B34000FAFA3 /* NSString+MD5.m */,
				13DA667F1E51FCF300CADFF6 /* Masonry */,
				1346084E1E4F718800666329 /* MyNav.h */,
				1346084F1E4F718800666329 /* MyNav.m */,
				13D10C081E4EB2D700C65D97 /* UITouch关于手指的移动 */,
				13D10C221E4EB2D700C65D97 /* UITouch关于手指的移动Tests */,
				13D10C2D1E4EB2D700C65D97 /* UITouch关于手指的移动UITests */,
				13D10C071E4EB2D700C65D97 /* Products */,
			);
			sourceTree = "<group>";
		};
		13D10C071E4EB2D700C65D97 /* Products */ = {
			isa = PBXGroup;
			children = (
				13D10C061E4EB2D700C65D97 /* UITouch关于手指的移动.app */,
				13D10C1F1E4EB2D700C65D97 /* UITouch关于手指的移动Tests.xctest */,
				13D10C2A1E4EB2D700C65D97 /* UITouch关于手指的移动UITests.xctest */,
			);
			name = Products;
			sourceTree = "<group>";
		};
		13D10C081E4EB2D700C65D97 /* UITouch关于手指的移动 */ = {
			isa = PBXGroup;
			children = (
				1382F1191E4F689C00A3702C /* qu2D */,
				1382F1131E4F1BA600A3702C /* 动画vC */,
				1382F0FE1E4EF32500A3702C /* 响应者时间传递 */,
				13D10C0C1E4EB2D700C65D97 /* AppDelegate.h */,
				13D10C0D1E4EB2D700C65D97 /* AppDelegate.m */,
				13D10C0F1E4EB2D700C65D97 /* ViewController.h */,
				13D10C101E4EB2D700C65D97 /* ViewController.m */,
				13D10C121E4EB2D700C65D97 /* Main.storyboard */,
				13D10C151E4EB2D700C65D97 /* Assets.xcassets */,
				13D10C171E4EB2D700C65D97 /* LaunchScreen.storyboard */,
				13D10C1A1E4EB2D700C65D97 /* Info.plist */,
				13D10C091E4EB2D700C65D97 /* Supporting Files */,
				13D10C3C1E4EB32400C65D97 /* SecondVc.h */,
				13D10C3D1E4EB32400C65D97 /* SecondVc.m */,
				13D10C3E1E4EB32400C65D97 /* SecondVc.xib */,
				13D10C411E4EB33D00C65D97 /* ThreeVc.h */,
				13D10C421E4EB33D00C65D97 /* ThreeVc.m */,
				13D10C431E4EB33D00C65D97 /* ThreeVc.xib */,
				13C50E051E5B281C00C50925 /* ThreeView.h */,
				13C50E061E5B281C00C50925 /* ThreeView.m */,
			);
			path = "UITouch关于手指的移动";
			sourceTree = "<group>";
		};
		13D10C091E4EB2D700C65D97 /* Supporting Files */ = {
			isa = PBXGroup;
			children = (
				13D10C0A1E4EB2D700C65D97 /* main.m */,
			);
			name = "Supporting Files";
			sourceTree = "<group>";
		};
		13D10C221E4EB2D700C65D97 /* UITouch关于手指的移动Tests */ = {
			isa = PBXGroup;
			children = (
				13D10C231E4EB2D700C65D97 /* UITouch_______Tests.m */,
				13D10C251E4EB2D700C65D97 /* Info.plist */,
			);
			path = "UITouch关于手指的移动Tests";
			sourceTree = "<group>";
		};
		13D10C2D1E4EB2D700C65D97 /* UITouch关于手指的移动UITests */ = {
			isa = PBXGroup;
			children = (
				13D10C2E1E4EB2D700C65D97 /* UITouch_______UITests.m */,
				13D10C301E4EB2D700C65D97 /* Info.plist */,
			);
			path = "UITouch关于手指的移动UITests";
			sourceTree = "<group>";
		};
		13DA667F1E51FCF300CADFF6 /* Masonry */ = {
			isa = PBXGroup;
			children = (
				13DA66801E51FCF300CADFF6 /* Info.plist */,
				13DA66811E51FCF300CADFF6 /* MASCompositeConstraint.h */,
				13DA66821E51FCF300CADFF6 /* MASCompositeConstraint.m */,
				13DA66831E51FCF300CADFF6 /* MASConstraint+Private.h */,
				13DA66841E51FCF300CADFF6 /* MASConstraint.h */,
				13DA66851E51FCF300CADFF6 /* MASConstraint.m */,
				13DA66861E51FCF300CADFF6 /* MASConstraintMaker.h */,
				13DA66871E51FCF300CADFF6 /* MASConstraintMaker.m */,
				13DA66881E51FCF300CADFF6 /* MASLayoutConstraint.h */,
				13DA66891E51FCF300CADFF6 /* MASLayoutConstraint.m */,
				13DA668A1E51FCF300CADFF6 /* Masonry.h */,
				13DA668B1E51FCF300CADFF6 /* MASUtilities.h */,
				13DA668C1E51FCF300CADFF6 /* MASViewAttribute.h */,
				13DA668D1E51FCF300CADFF6 /* MASViewAttribute.m */,
				13DA668E1E51FCF300CADFF6 /* MASViewConstraint.h */,
				13DA668F1E51FCF300CADFF6 /* MASViewConstraint.m */,
				13DA66901E51FCF300CADFF6 /* NSArray+MASAdditions.h */,
				13DA66911E51FCF300CADFF6 /* NSArray+MASAdditions.m */,
				13DA66921E51FCF300CADFF6 /* NSArray+MASShorthandAdditions.h */,
				13DA66931E51FCF300CADFF6 /* NSLayoutConstraint+MASDebugAdditions.h */,
				13DA66941E51FCF300CADFF6 /* NSLayoutConstraint+MASDebugAdditions.m */,
				13DA66951E51FCF300CADFF6 /* View+MASAdditions.h */,
				13DA66961E51FCF300CADFF6 /* View+MASAdditions.m */,
				13DA66971E51FCF300CADFF6 /* View+MASShorthandAdditions.h */,
				13DA66981E51FCF300CADFF6 /* ViewController+MASAdditions.h */,
				13DA66991E51FCF300CADFF6 /* ViewController+MASAdditions.m */,
			);
			path = Masonry;
			sourceTree = "<group>";
		};
/* End PBXGroup section */

/* Begin PBXNativeTarget section */
		13D10C051E4EB2D700C65D97 /* UITouch关于手指的移动 */ = {
			isa = PBXNativeTarget;
			buildConfigurationList = 13D10C331E4EB2D700C65D97 /* Build configuration list for PBXNativeTarget "UITouch关于手指的移动" */;
			buildPhases = (
				13D10C021E4EB2D700C65D97 /* Sources */,
				13D10C031E4EB2D700C65D97 /* Frameworks */,
				13D10C041E4EB2D700C65D97 /* Resources */,
			);
			buildRules = (
			);
			dependencies = (
			);
			name = "UITouch关于手指的移动";
			productName = "UITouch关于手指的移动";
			productReference = 13D10C061E4EB2D700C65D97 /* UITouch关于手指的移动.app */;
			productType = "com.apple.product-type.application";
		};
		13D10C1E1E4EB2D700C65D97 /* UITouch关于手指的移动Tests */ = {
			isa = PBXNativeTarget;
			buildConfigurationList = 13D10C361E4EB2D700C65D97 /* Build configuration list for PBXNativeTarget "UITouch关于手指的移动Tests" */;
			buildPhases = (
				13D10C1B1E4EB2D700C65D97 /* Sources */,
				13D10C1C1E4EB2D700C65D97 /* Frameworks */,
				13D10C1D1E4EB2D700C65D97 /* Resources */,
			);
			buildRules = (
			);
			dependencies = (
				13D10C211E4EB2D700C65D97 /* PBXTargetDependency */,
			);
			name = "UITouch关于手指的移动Tests";
			productName = "UITouch关于手指的移动Tests";
			productReference = 13D10C1F1E4EB2D700C65D97 /* UITouch关于手指的移动Tests.xctest */;
			productType = "com.apple.product-type.bundle.unit-test";
		};
		13D10C291E4EB2D700C65D97 /* UITouch关于手指的移动UITests */ = {
			isa = PBXNativeTarget;
			buildConfigurationList = 13D10C391E4EB2D700C65D97 /* Build configuration list for PBXNativeTarget "UITouch关于手指的移动UITests" */;
			buildPhases = (
				13D10C261E4EB2D700C65D97 /* Sources */,
				13D10C271E4EB2D700C65D97 /* Frameworks */,
				13D10C281E4EB2D700C65D97 /* Resources */,
			);
			buildRules = (
			);
			dependencies = (
				13D10C2C1E4EB2D700C65D97 /* PBXTargetDependency */,
			);
			name = "UITouch关于手指的移动UITests";
			productName = "UITouch关于手指的移动UITests";
			productReference = 13D10C2A1E4EB2D700C65D97 /* UITouch关于手指的移动UITests.xctest */;
			productType = "com.apple.product-type.bundle.ui-testing";
		};
/* End PBXNativeTarget section */

/* Begin PBXProject section */
		13D10BFE1E4EB2D700C65D97 /* Project object */ = {
			isa = PBXProject;
			attributes = {
				LastUpgradeCheck = 0810;
				ORGANIZATIONNAME = liuhangkai;
				TargetAttributes = {
					13D10C051E4EB2D700C65D97 = {
						CreatedOnToolsVersion = 8.1;
						DevelopmentTeam = S2CRPD33DC;
						ProvisioningStyle = Automatic;
					};
					13D10C1E1E4EB2D700C65D97 = {
						CreatedOnToolsVersion = 8.1;
						DevelopmentTeam = 35ZMA5E75L;
						ProvisioningStyle = Automatic;
						TestTargetID = 13D10C051E4EB2D700C65D97;
					};
					13D10C291E4EB2D700C65D97 = {
						CreatedOnToolsVersion = 8.1;
						DevelopmentTeam = 35ZMA5E75L;
						ProvisioningStyle = Automatic;
						TestTargetID = 13D10C051E4EB2D700C65D97;
					};
				};
			};
			buildConfigurationList = 13D10C011E4EB2D700C65D97 /* Build configuration list for PBXProject "UITouch关于手指的移动" */;
			compatibilityVersion = "Xcode 3.2";
			developmentRegion = English;
			hasScannedForEncodings = 0;
			knownRegions = (
				en,
				Base,
			);
			mainGroup = 13D10BFD1E4EB2D700C65D97;
			productRefGroup = 13D10C071E4EB2D700C65D97 /* Products */;
			projectDirPath = "";
			projectRoot = "";
			targets = (
				13D10C051E4EB2D700C65D97 /* UITouch关于手指的移动 */,
				13D10C1E1E4EB2D700C65D97 /* UITouch关于手指的移动Tests */,
				13D10C291E4EB2D700C65D97 /* UITouch关于手指的移动UITests */,
			);
		};
/* End PBXProject section */

/* Begin PBXResourcesBuildPhase section */
		13D10C041E4EB2D700C65D97 /* Resources */ = {
			isa = PBXResourcesBuildPhase;
			buildActionMask = 2147483647;
			files = (
				1382F1031E4EF3F300A3702C /* HitViewController.xib in Resources */,
				13D10C451E4EB33D00C65D97 /* ThreeVc.xib in Resources */,
				13D10C191E4EB2D700C65D97 /* LaunchScreen.storyboard in Resources */,
				13D10C161E4EB2D700C65D97 /* Assets.xcassets in Resources */,
				13DA667E1E51FA8900CADFF6 /* TestViewController.xib in Resources */,
				1382F11E1E4F68DA00A3702C /* Q2DViewController.xib in Resources */,
				13B0C3DA1E5A073A00FE88A8 /* ModelVc.xib in Resources */,
				13D10C401E4EB32400C65D97 /* SecondVc.xib in Resources */,
				1382F1181E4F1BDE00A3702C /* AnViewController.xib in Resources */,
				13DA669A1E51FCF300CADFF6 /* Info.plist in Resources */,
				13D10C141E4EB2D700C65D97 /* Main.storyboard in Resources */,
				13DA66AB1E5208F700CADFF6 /* TableStory.storyboard in Resources */,
			);
			runOnlyForDeploymentPostprocessing = 0;
		};
		13D10C1D1E4EB2D700C65D97 /* Resources */ = {
			isa = PBXResourcesBuildPhase;
			buildActionMask = 2147483647;
			files = (
			);
			runOnlyForDeploymentPostprocessing = 0;
		};
		13D10C281E4EB2D700C65D97 /* Resources */ = {
			isa = PBXResourcesBuildPhase;
			buildActionMask = 2147483647;
			files = (
			);
			runOnlyForDeploymentPostprocessing = 0;
		};
/* End PBXResourcesBuildPhase section */

/* Begin PBXSourcesBuildPhase section */
		13D10C021E4EB2D700C65D97 /* Sources */ = {
			isa = PBXSourcesBuildPhase;
			buildActionMask = 2147483647;
			files = (
				13D10C111E4EB2D700C65D97 /* ViewController.m in Sources */,
				134608531E4FFC7F00666329 /* LHKButton.m in Sources */,
				13D10C0E1E4EB2D700C65D97 /* AppDelegate.m in Sources */,
				1382F11D1E4F68DA00A3702C /* Q2DViewController.m in Sources */,
				13DA669C1E51FCF300CADFF6 /* MASConstraint.m in Sources */,
				13DA669F1E51FCF300CADFF6 /* MASViewAttribute.m in Sources */,
				134608501E4F718800666329 /* MyNav.m in Sources */,
				13DA669B1E51FCF300CADFF6 /* MASCompositeConstraint.m in Sources */,
				13DA66A31E51FCF300CADFF6 /* View+MASAdditions.m in Sources */,
				134608561E503C3E00666329 /* CAShapView.m in Sources */,
				13DA667D1E51FA8900CADFF6 /* TestViewController.m in Sources */,
				1382F10F1E4EF71900A3702C /* BlueView.m in Sources */,
				13FA897B1E530B34000FAFA3 /* NSString+MD5.m in Sources */,
				1382F1171E4F1BDE00A3702C /* AnViewController.m in Sources */,
				13B0C3D91E5A073A00FE88A8 /* ModelVc.m in Sources */,
				13C50E071E5B281C00C50925 /* ThreeView.m in Sources */,
				13DA66A11E51FCF300CADFF6 /* NSArray+MASAdditions.m in Sources */,
				13DA66A21E51FCF300CADFF6 /* NSLayoutConstraint+MASDebugAdditions.m in Sources */,
				132EB82A1E53E9D100592885 /* HitButton.m in Sources */,
				1382F1091E4EF6F500A3702C /* GreenView.m in Sources */,
				1382F1121E4F023400A3702C /* BlackView.m in Sources */,
				1382F1061E4EF6DF00A3702C /* BaseView.m in Sources */,
				13DA66A41E51FCF300CADFF6 /* ViewController+MASAdditions.m in Sources */,
				13DA66A01E51FCF300CADFF6 /* MASViewConstraint.m in Sources */,
				13DA669D1E51FCF300CADFF6 /* MASConstraintMaker.m in Sources */,
				13D10C3F1E4EB32400C65D97 /* SecondVc.m in Sources */,
				13D10C0B1E4EB2D700C65D97 /* main.m in Sources */,
				1382F1021E4EF3F300A3702C /* HitViewController.m in Sources */,
				13B0C3DD1E5A07C600FE88A8 /* ModelAn.m in Sources */,
				13DA669E1E51FCF300CADFF6 /* MASLayoutConstraint.m in Sources */,
				1346084D1E4F6C0400666329 /* MapView.m in Sources */,
				13D10C441E4EB33D00C65D97 /* ThreeVc.m in Sources */,
				1382F10C1E4EF70A00A3702C /* RedView.m in Sources */,
				13DA66A81E52080100CADFF6 /* TableViewController.m in Sources */,
			);
			runOnlyForDeploymentPostprocessing = 0;
		};
		13D10C1B1E4EB2D700C65D97 /* Sources */ = {
			isa = PBXSourcesBuildPhase;
			buildActionMask = 2147483647;
			files = (
				13D10C241E4EB2D700C65D97 /* UITouch_______Tests.m in Sources */,
			);
			runOnlyForDeploymentPostprocessing = 0;
		};
		13D10C261E4EB2D700C65D97 /* Sources */ = {
			isa = PBXSourcesBuildPhase;
			buildActionMask = 2147483647;
			files = (
				13D10C2F1E4EB2D700C65D97 /* UITouch_______UITests.m in Sources */,
			);
			runOnlyForDeploymentPostprocessing = 0;
		};
/* End PBXSourcesBuildPhase section */

/* Begin PBXTargetDependency section */
		13D10C211E4EB2D700C65D97 /* PBXTargetDependency */ = {
			isa = PBXTargetDependency;
			target = 13D10C051E4EB2D700C65D97 /* UITouch关于手指的移动 */;
			targetProxy = 13D10C201E4EB2D700C65D97 /* PBXContainerItemProxy */;
		};
		13D10C2C1E4EB2D700C65D97 /* PBXTargetDependency */ = {
			isa = PBXTargetDependency;
			target = 13D10C051E4EB2D700C65D97 /* UITouch关于手指的移动 */;
			targetProxy = 13D10C2B1E4EB2D700C65D97 /* PBXContainerItemProxy */;
		};
/* End PBXTargetDependency section */

/* Begin PBXVariantGroup section */
		13D10C121E4EB2D700C65D97 /* Main.storyboard */ = {
			isa = PBXVariantGroup;
			children = (
				13D10C131E4EB2D700C65D97 /* Base */,
			);
			name = Main.storyboard;
			sourceTree = "<group>";
		};
		13D10C171E4EB2D700C65D97 /* LaunchScreen.storyboard */ = {
			isa = PBXVariantGroup;
			children = (
				13D10C181E4EB2D700C65D97 /* Base */,
			);
			name = LaunchScreen.storyboard;
			sourceTree = "<group>";
		};
/* End PBXVariantGroup section */

/* Begin XCBuildConfiguration section */
		13D10C311E4EB2D700C65D97 /* Debug */ = {
			isa = XCBuildConfiguration;
			buildSettings = {
				ALWAYS_SEARCH_USER_PATHS = NO;
				CLANG_ANALYZER_NONNULL = YES;
				CLANG_CXX_LANGUAGE_STANDARD = "gnu++0x";
				CLANG_CXX_LIBRARY = "libc++";
				CLANG_ENABLE_MODULES = YES;
				CLANG_ENABLE_OBJC_ARC = YES;
				CLANG_WARN_BOOL_CONVERSION = YES;
				CLANG_WARN_CONSTANT_CONVERSION = YES;
				CLANG_WARN_DIRECT_OBJC_ISA_USAGE = YES_ERROR;
				CLANG_WARN_DOCUMENTATION_COMMENTS = YES;
				CLANG_WARN_EMPTY_BODY = YES;
				CLANG_WARN_ENUM_CONVERSION = YES;
				CLANG_WARN_INFINITE_RECURSION = YES;
				CLANG_WARN_INT_CONVERSION = YES;
				CLANG_WARN_OBJC_ROOT_CLASS = YES_ERROR;
				CLANG_WARN_SUSPICIOUS_MOVES = YES;
				CLANG_WARN_UNREACHABLE_CODE = YES;
				CLANG_WARN__DUPLICATE_METHOD_MATCH = YES;
				"CODE_SIGN_IDENTITY[sdk=iphoneos*]" = "iPhone Developer";
				COPY_PHASE_STRIP = NO;
				DEBUG_INFORMATION_FORMAT = dwarf;
				ENABLE_STRICT_OBJC_MSGSEND = YES;
				ENABLE_TESTABILITY = YES;
				GCC_C_LANGUAGE_STANDARD = gnu99;
				GCC_DYNAMIC_NO_PIC = NO;
				GCC_NO_COMMON_BLOCKS = YES;
				GCC_OPTIMIZATION_LEVEL = 0;
				GCC_PREPROCESSOR_DEFINITIONS = (
					"DEBUG=1",
					"$(inherited)",
				);
				GCC_WARN_64_TO_32_BIT_CONVERSION = YES;
				GCC_WARN_ABOUT_RETURN_TYPE = YES_ERROR;
				GCC_WARN_UNDECLARED_SELECTOR = YES;
				GCC_WARN_UNINITIALIZED_AUTOS = YES_AGGRESSIVE;
				GCC_WARN_UNUSED_FUNCTION = YES;
				GCC_WARN_UNUSED_VARIABLE = YES;
				IPHONEOS_DEPLOYMENT_TARGET = 10.1;
				MTL_ENABLE_DEBUG_INFO = YES;
				ONLY_ACTIVE_ARCH = YES;
				SDKROOT = iphoneos;
				TARGETED_DEVICE_FAMILY = "1,2";
			};
			name = Debug;
		};
		13D10C321E4EB2D700C65D97 /* Release */ = {
			isa = XCBuildConfiguration;
			buildSettings = {
				ALWAYS_SEARCH_USER_PATHS = NO;
				CLANG_ANALYZER_NONNULL = YES;
				CLANG_CXX_LANGUAGE_STANDARD = "gnu++0x";
				CLANG_CXX_LIBRARY = "libc++";
				CLANG_ENABLE_MODULES = YES;
				CLANG_ENABLE_OBJC_ARC = YES;
				CLANG_WARN_BOOL_CONVERSION = YES;
				CLANG_WARN_CONSTANT_CONVERSION = YES;
				CLANG_WARN_DIRECT_OBJC_ISA_USAGE = YES_ERROR;
				CLANG_WARN_DOCUMENTATION_COMMENTS = YES;
				CLANG_WARN_EMPTY_BODY = YES;
				CLANG_WARN_ENUM_CONVERSION = YES;
				CLANG_WARN_INFINITE_RECURSION = YES;
				CLANG_WARN_INT_CONVERSION = YES;
				CLANG_WARN_OBJC_ROOT_CLASS = YES_ERROR;
				CLANG_WARN_SUSPICIOUS_MOVES = YES;
				CLANG_WARN_UNREACHABLE_CODE = YES;
				CLANG_WARN__DUPLICATE_METHOD_MATCH = YES;
				"CODE_SIGN_IDENTITY[sdk=iphoneos*]" = "iPhone Developer";
				COPY_PHASE_STRIP = NO;
				DEBUG_INFORMATION_FORMAT = "dwarf-with-dsym";
				ENABLE_NS_ASSERTIONS = NO;
				ENABLE_STRICT_OBJC_MSGSEND = YES;
				GCC_C_LANGUAGE_STANDARD = gnu99;
				GCC_NO_COMMON_BLOCKS = YES;
				GCC_WARN_64_TO_32_BIT_CONVERSION = YES;
				GCC_WARN_ABOUT_RETURN_TYPE = YES_ERROR;
				GCC_WARN_UNDECLARED_SELECTOR = YES;
				GCC_WARN_UNINITIALIZED_AUTOS = YES_AGGRESSIVE;
				GCC_WARN_UNUSED_FUNCTION = YES;
				GCC_WARN_UNUSED_VARIABLE = YES;
				IPHONEOS_DEPLOYMENT_TARGET = 10.1;
				MTL_ENABLE_DEBUG_INFO = NO;
				SDKROOT = iphoneos;
				TARGETED_DEVICE_FAMILY = "1,2";
				VALIDATE_PRODUCT = YES;
			};
			name = Release;
		};
		13D10C341E4EB2D700C65D97 /* Debug */ = {
			isa = XCBuildConfiguration;
			buildSettings = {
				ASSETCATALOG_COMPILER_APPICON_NAME = AppIcon;
				DEVELOPMENT_TEAM = S2CRPD33DC;
				INFOPLIST_FILE = "UITouch关于手指的移动/Info.plist";
				IPHONEOS_DEPLOYMENT_TARGET = 9.0;
				LD_RUNPATH_SEARCH_PATHS = "$(inherited) @executable_path/Frameworks";
				PRODUCT_BUNDLE_IDENTIFIER = "com.liu.liuhangkaid.UITouch-------";
				PRODUCT_NAME = "$(TARGET_NAME)";
			};
			name = Debug;
		};
		13D10C351E4EB2D700C65D97 /* Release */ = {
			isa = XCBuildConfiguration;
			buildSettings = {
				ASSETCATALOG_COMPILER_APPICON_NAME = AppIcon;
				DEVELOPMENT_TEAM = S2CRPD33DC;
				INFOPLIST_FILE = "UITouch关于手指的移动/Info.plist";
				IPHONEOS_DEPLOYMENT_TARGET = 9.0;
				LD_RUNPATH_SEARCH_PATHS = "$(inherited) @executable_path/Frameworks";
				PRODUCT_BUNDLE_IDENTIFIER = "com.liu.liuhangkaid.UITouch-------";
				PRODUCT_NAME = "$(TARGET_NAME)";
			};
			name = Release;
		};
		13D10C371E4EB2D700C65D97 /* Debug */ = {
			isa = XCBuildConfiguration;
			buildSettings = {
				BUNDLE_LOADER = "$(TEST_HOST)";
				DEVELOPMENT_TEAM = 35ZMA5E75L;
				INFOPLIST_FILE = "UITouch关于手指的移动Tests/Info.plist";
				LD_RUNPATH_SEARCH_PATHS = "$(inherited) @executable_path/Frameworks @loader_path/Frameworks";
				PRODUCT_BUNDLE_IDENTIFIER = "com.liu.liuhangkaid.UITouch-------Tests";
				PRODUCT_NAME = "$(TARGET_NAME)";
				TEST_HOST = "$(BUILT_PRODUCTS_DIR)/UITouch关于手指的移动.app/UITouch关于手指的移动";
			};
			name = Debug;
		};
		13D10C381E4EB2D700C65D97 /* Release */ = {
			isa = XCBuildConfiguration;
			buildSettings = {
				BUNDLE_LOADER = "$(TEST_HOST)";
				DEVELOPMENT_TEAM = 35ZMA5E75L;
				INFOPLIST_FILE = "UITouch关于手指的移动Tests/Info.plist";
				LD_RUNPATH_SEARCH_PATHS = "$(inherited) @executable_path/Frameworks @loader_path/Frameworks";
				PRODUCT_BUNDLE_IDENTIFIER = "com.liu.liuhangkaid.UITouch-------Tests";
				PRODUCT_NAME = "$(TARGET_NAME)";
				TEST_HOST = "$(BUILT_PRODUCTS_DIR)/UITouch关于手指的移动.app/UITouch关于手指的移动";
			};
			name = Release;
		};
		13D10C3A1E4EB2D700C65D97 /* Debug */ = {
			isa = XCBuildConfiguration;
			buildSettings = {
				DEVELOPMENT_TEAM = 35ZMA5E75L;
				INFOPLIST_FILE = "UITouch关于手指的移动UITests/Info.plist";
				LD_RUNPATH_SEARCH_PATHS = "$(inherited) @executable_path/Frameworks @loader_path/Frameworks";
				PRODUCT_BUNDLE_IDENTIFIER = "com.liu.liuhangkaid.UITouch-------UITests";
				PRODUCT_NAME = "$(TARGET_NAME)";
				TEST_TARGET_NAME = "UITouch关于手指的移动";
			};
			name = Debug;
		};
		13D10C3B1E4EB2D700C65D97 /* Release */ = {
			isa = XCBuildConfiguration;
			buildSettings = {
				DEVELOPMENT_TEAM = 35ZMA5E75L;
				INFOPLIST_FILE = "UITouch关于手指的移动UITests/Info.plist";
				LD_RUNPATH_SEARCH_PATHS = "$(inherited) @executable_path/Frameworks @loader_path/Frameworks";
				PRODUCT_BUNDLE_IDENTIFIER = "com.liu.liuhangkaid.UITouch-------UITests";
				PRODUCT_NAME = "$(TARGET_NAME)";
				TEST_TARGET_NAME = "UITouch关于手指的移动";
			};
			name = Release;
		};
/* End XCBuildConfiguration section */

/* Begin XCConfigurationList section */
		13D10C011E4EB2D700C65D97 /* Build configuration list for PBXProject "UITouch关于手指的移动" */ = {
			isa = XCConfigurationList;
			buildConfigurations = (
				13D10C311E4EB2D700C65D97 /* Debug */,
				13D10C321E4EB2D700C65D97 /* Release */,
			);
			defaultConfigurationIsVisible = 0;
			defaultConfigurationName = Release;
		};
		13D10C331E4EB2D700C65D97 /* Build configuration list for PBXNativeTarget "UITouch关于手指的移动" */ = {
			isa = XCConfigurationList;
			buildConfigurations = (
				13D10C341E4EB2D700C65D97 /* Debug */,
				13D10C351E4EB2D700C65D97 /* Release */,
			);
			defaultConfigurationIsVisible = 0;
			defaultConfigurationName = Release;
		};
		13D10C361E4EB2D700C65D97 /* Build configuration list for PBXNativeTarget "UITouch关于手指的移动Tests" */ = {
			isa = XCConfigurationList;
			buildConfigurations = (
				13D10C371E4EB2D700C65D97 /* Debug */,
				13D10C381E4EB2D700C65D97 /* Release */,
			);
			defaultConfigurationIsVisible = 0;
			defaultConfigurationName = Release;
		};
		13D10C391E4EB2D700C65D97 /* Build configuration list for PBXNativeTarget "UITouch关于手指的移动UITests" */ = {
			isa = XCConfigurationList;
			buildConfigurations = (
				13D10C3A1E4EB2D700C65D97 /* Debug */,
				13D10C3B1E4EB2D700C65D97 /* Release */,
			);
			defaultConfigurationIsVisible = 0;
			defaultConfigurationName = Release;
		};
/* End XCConfigurationList section */
	};
	rootObject = 13D10BFE1E4EB2D700C65D97 /* Project object */;
}
